{
  "name": "my_website",
  "lockfileVersion": 2,
  "requires": true,
  "packages": {
    "": {
      "dependencies": {
        "material-icons": "^1.10.9"
      }
    },
    "node_modules/material-icons": {
      "version": "1.10.9",
      "resolved": "https://registry.npmjs.org/material-icons/-/material-icons-1.10.9.tgz",
      "integrity": "sha512-bix9hlteHhaO/I2mfLjs5XeJG31E72p+gTj8BXt/1bwRnry8FCot5CVeHBhnkgGEBdiI+DphRYxB3uTDxZ9stg=="
    }
  },
  "dependencies": {
    "material-icons": {
      "version": "1.10.9",
      "resolved": "https://registry.npmjs.org/material-icons/-/material-icons-1.10.9.tgz",
      "integrity": "sha512-bix9hlteHhaO/I2mfLjs5XeJG31E72p+gTj8BXt/1bwRnry8FCot5CVeHBhnkgGEBdiI+DphRYxB3uTDxZ9stg=="
    }
  }
}
